// !$*UTF8*$!
{
	archiveVersion = 1;
	classes = {
	};
	objectVersion = 50;
	objects = {

/* Begin PBXBuildFile section */
		E50875C7224B806E00FA84B0 /* AppDelegate.swift in Sources */ = {isa = PBXBuildFile; fileRef = E50875C6224B806E00FA84B0 /* AppDelegate.swift */; };
		E50875C9224B806E00FA84B0 /* ViewController.swift in Sources */ = {isa = PBXBuildFile; fileRef = E50875C8224B806E00FA84B0 /* ViewController.swift */; };
		E50875CC224B806E00FA84B0 /* Main.storyboard in Resources */ = {isa = PBXBuildFile; fileRef = E50875CA224B806E00FA84B0 /* Main.storyboard */; };
		E50875CE224B807100FA84B0 /* Assets.xcassets in Resources */ = {isa = PBXBuildFile; fileRef = E50875CD224B807100FA84B0 /* Assets.xcassets */; };
		E50875D1224B807100FA84B0 /* LaunchScreen.storyboard in Resources */ = {isa = PBXBuildFile; fileRef = E50875CF224B807100FA84B0 /* LaunchScreen.storyboard */; };
		E50875D9224B846C00FA84B0 /* start.txt in Resources */ = {isa = PBXBuildFile; fileRef = E50875D8224B846C00FA84B0 /* start.txt */; };
/* End PBXBuildFile section */

/* Begin PBXFileReference section */
		E50875C3224B806E00FA84B0 /* Project-5-Word-Scramble-Game.app */ = {isa = PBXFileReference; explicitFileType = wrapper.application; includeInIndex = 0; path = "Project-5-Word-Scramble-Game.app"; sourceTree = BUILT_PRODUCTS_DIR; };
		E50875C6224B806E00FA84B0 /* AppDelegate.swift */ = {isa = PBXFileReference; lastKnownFileType = sourcecode.swift; path = AppDelegate.swift; sourceTree = "<group>"; };
		E50875C8224B806E00FA84B0 /* ViewController.swift */ = {isa = PBXFileReference; lastKnownFileType = sourcecode.swift; path = ViewController.swift; sourceTree = "<group>"; };
		E50875CB224B806E00FA84B0 /* Base */ = {isa = PBXFileReference; lastKnownFileType = file.storyboard; name = Base; path = Base.lproj/Main.storyboard; sourceTree = "<group>"; };
		E50875CD224B807100FA84B0 /* Assets.xcassets */ = {isa = PBXFileReference; lastKnownFileType = folder.assetcatalog; path = Assets.xcassets; sourceTree = "<group>"; };
		E50875D0224B807100FA84B0 /* Base */ = {isa = PBXFileReference; lastKnownFileType = file.storyboard; name = Base; path = Base.lproj/LaunchScreen.storyboard; sourceTree = "<group>"; };
		E50875D2224B807100FA84B0 /* Info.plist */ = {isa = PBXFileReference; lastKnownFileType = text.plist.xml; path = Info.plist; sourceTree = "<group>"; };
		E50875D8224B846C00FA84B0 /* start.txt */ = {isa = PBXFileReference; fileEncoding = 4; lastKnownFileType = text; path = start.txt; sourceTree = "<group>"; };
/* End PBXFileReference section */

/* Begin PBXFrameworksBuildPhase section */
		E50875C0224B806E00FA84B0 /* Frameworks */ = {
			isa = PBXFrameworksBuildPhase;
			buildActionMask = 2147483647;
			files = (
			);
			runOnlyForDeploymentPostprocessing = 0;
		};
/* End PBXFrameworksBuildPhase section */

/* Begin PBXGroup section */
		E50875BA224B806E00FA84B0 = {
			isa = PBXGroup;
			children = (
				E50875C5224B806E00FA84B0 /* Project-5-Word-Scramble-Game */,
				E50875C4224B806E00FA84B0 /* Products */,
			);
			sourceTree = "<group>";
		};
		E50875C4224B806E00FA84B0 /* Products */ = {
			isa = PBXGroup;
			children = (
				E50875C3224B806E00FA84B0 /* Project-5-Word-Scramble-Game.app */,
			);
			name = Products;
			sourceTree = "<group>";
		};
		E50875C5224B806E00FA84B0 /* Project-5-Word-Scramble-Game */ = {
			isa = PBXGroup;
			children = (
				E50875C6224B806E00FA84B0 /* AppDelegate.swift */,
				E50875C8224B806E00FA84B0 /* ViewController.swift */,
				E50875CA224B806E00FA84B0 /* Main.storyboard */,
				E50875CD224B807100FA84B0 /* Assets.xcassets */,
				E50875CF224B807100FA84B0 /* LaunchScreen.storyboard */,
				E50875D2224B807100FA84B0 /* Info.plist */,
				E50875D8224B846C00FA84B0 /* start.txt */,
			);
			path = "Project-5-Word-Scramble-Game";
			sourceTree = "<group>";
		};
/* End PBXGroup section */

/* Begin PBXNativeTarget section */
		E50875C2224B806E00FA84B0 /* Project-5-Word-Scramble-Game */ = {
			isa = PBXNativeTarget;
			buildConfigurationList = E50875D5224B807100FA84B0 /* Build configuration list for PBXNativeTarget "Project-5-Word-Scramble-Game" */;
			buildPhases = (
				E50875BF224B806E00FA84B0 /* Sources */,
				E50875C0224B806E00FA84B0 /* Frameworks */,
				E50875C1224B806E00FA84B0 /* Resources */,
			);
			buildRules = (
			);
			dependencies = (
			);
			name = "Project-5-Word-Scramble-Game";
			productName = "Project-5-Word-Scramble-Game";
			productReference = E50875C3224B806E00FA84B0 /* Project-5-Word-Scramble-Game.app */;
			productType = "com.apple.product-type.application";
		};
/* End PBXNativeTarget section */

/* Begin PBXProject section */
		E50875BB224B806E00FA84B0 /* Project object */ = {
			isa = PBXProject;
			attributes = {
				LastSwiftUpdateCheck = 1020;
				LastUpgradeCheck = 1020;
				ORGANIZATIONNAME = "Raul Sulaimanov";
				TargetAttributes = {
					E50875C2224B806E00FA84B0 = {
						CreatedOnToolsVersion = 10.2;
					};
				};
			};
			buildConfigurationList = E50875BE224B806E00FA84B0 /* Build configuration list for PBXProject "Project-5-Word-Scramble-Game" */;
			compatibilityVersion = "Xcode 9.3";
			developmentRegion = en;
			hasScannedForEncodings = 0;
			knownRegions = (
				en,
				Base,
			);
			mainGroup = E50875BA224B806E00FA84B0;
			productRefGroup = E50875C4224B806E00FA84B0 /* Products */;
			projectDirPath = "";
			projectRoot = "";
			targets = (
				E50875C2224B806E00FA84B0 /* Project-5-Word-Scramble-Game */,
			);
		};
/* End PBXProject section */

/* Begin PBXResourcesBuildPhase section */
		E50875C1224B806E00FA84B0 /* Resources */ = {
			isa = PBXResourcesBuildPhase;
			buildActionMask = 2147483647;
			files = (
				E50875D1224B807100FA84B0 /* LaunchScreen.storyboard in Resources */,
				E50875D9224B846C00FA84B0 /* start.txt in Resources */,
				E50875CE224B807100FA84B0 /* Assets.xcassets in Resources */,
				E50875CC224B806E00FA84B0 /* Main.storyboard in Resources */,
			);
			runOnlyForDeploymentPostprocessing = 0;
		};
/* End PBXResourcesBuildPhase section */

/* Begin PBXSourcesBuildPhase section */
		E50875BF224B806E00FA84B0 /* Sources */ = {
			isa = PBXSourcesBuildPhase;
			buildActionMask = 2147483647;
			files = (
				E50875C9224B806E00FA84B0 /* ViewController.swift in Sources */,
				E50875C7224B806E00FA84B0 /* AppDelegate.swift in Sources */,
			);
			runOnlyForDeploymentPostprocessing = 0;
		};
/* End PBXSourcesBuildPhase section */

/* Begin PBXVariantGroup section */
		E50875CA224B806E00FA84B0 /* Main.storyboard */ = {
			isa = PBXVariantGroup;
			children = (
				E50875CB224B806E00FA84B0 /* Base */,
			);
			name = Main.storyboard;
			sourceTree = "<group>";
		};
		E50875CF224B807100FA84B0 /* LaunchScreen.storyboard */ = {
			isa = PBXVariantGroup;
			children = (
				E50875D0224B807100FA84B0 /* Base */,
			);
			name = LaunchScreen.storyboard;
			sourceTree = "<group>";
		};
/* End PBXVariantGroup section */

/* Begin XCBuildConfiguration section */
		E50875D3224B807100FA84B0 /* Debug */ = {
			isa = XCBuildConfiguration;
			buildSettings = {
				ALWAYS_SEARCH_USER_PATHS = NO;
				CLANG_ANALYZER_NONNULL = YES;
				CLANG_ANALYZER_NUMBER_OBJECT_CONVERSION = YES_AGGRESSIVE;
				CLANG_CXX_LANGUAGE_STANDARD = "gnu++14";
				CLANG_CXX_LIBRARY = "libc++";
				CLANG_ENABLE_MODULES = YES;
				CLANG_ENABLE_OBJC_ARC = YES;
				CLANG_ENABLE_OBJC_WEAK = YES;
				CLANG_WARN_BLOCK_CAPTURE_AUTORELEASING = YES;
				CLANG_WARN_BOOL_CONVERSION = YES;
				CLANG_WARN_COMMA = YES;
				CLANG_WARN_CONSTANT_CONVERSION = YES;
				CLANG_WARN_DEPRECATED_OBJC_IMPLEMENTATIONS = YES;
				CLANG_WARN_DIRECT_OBJC_ISA_USAGE = YES_ERROR;
				CLANG_WARN_DOCUMENTATION_COMMENTS = YES;
				CLANG_WARN_EMPTY_BODY = YES;
				CLANG_WARN_ENUM_CONVERSION = YES;
				CLANG_WARN_INFINITE_RECURSION = YES;
				CLANG_WARN_INT_CONVERSION = YES;
				CLANG_WARN_NON_LITERAL_NULL_CONVERSION = YES;
				CLANG_WARN_OBJC_IMPLICIT_RETAIN_SELF = YES;
				CLANG_WARN_OBJC_LITERAL_CONVERSION = YES;
				CLANG_WARN_OBJC_ROOT_CLASS = YES_ERROR;
				CLANG_WARN_RANGE_LOOP_ANALYSIS = YES;
				CLANG_WARN_STRICT_PROTOTYPES = YES;
				CLANG_WARN_SUSPICIOUS_MOVE = YES;
				CLANG_WARN_UNGUARDED_AVAILABILITY = YES_AGGRESSIVE;
				CLANG_WARN_UNREACHABLE_CODE = YES;
				CLANG_WARN__DUPLICATE_METHOD_MATCH = YES;
				CODE_SIGN_IDENTITY = "iPhone Developer";
				COPY_PHASE_STRIP = NO;
				DEBUG_INFORMATION_FORMAT = dwarf;
				ENABLE_STRICT_OBJC_MSGSEND = YES;
				ENABLE_TESTABILITY = YES;
				GCC_C_LANGUAGE_STANDARD = gnu11;
				GCC_DYNAMIC_NO_PIC = NO;
				GCC_NO_COMMON_BLOCKS = YES;
				GCC_OPTIMIZATION_LEVEL = 0;
				GCC_PREPROCESSOR_DEFINITIONS = (
					"DEBUG=1",
					"$(inherited)",
				);
				GCC_WARN_64_TO_32_BIT_CONVERSION = YES;
				GCC_WARN_ABOUT_RETURN_TYPE = YES_ERROR;
				GCC_WARN_UNDECLARED_SELECTOR = YES;
				GCC_WARN_UNINITIALIZED_AUTOS = YES_AGGRESSIVE;
				GCC_WARN_UNUSED_FUNCTION = YES;
				GCC_WARN_UNUSED_VARIABLE = YES;
				IPHONEOS_DEPLOYMENT_TARGET = 12.2;
				MTL_ENABLE_DEBUG_INFO = INCLUDE_SOURCE;
				MTL_FAST_MATH = YES;
				ONLY_ACTIVE_ARCH = YES;
				SDKROOT = iphoneos;
				SWIFT_ACTIVE_COMPILATION_CONDITIONS = DEBUG;
				SWIFT_OPTIMIZATION_LEVEL = "-Onone";
			};
			name = Debug;
		};
		E50875D4224B807100FA84B0 /* Release */ = {
			isa = XCBuildConfiguration;
			buildSettings = {
				ALWAYS_SEARCH_USER_PATHS = NO;
				CLANG_ANALYZER_NONNULL = YES;
				CLANG_ANALYZER_NUMBER_OBJECT_CONVERSION = YES_AGGRESSIVE;
				CLANG_CXX_LANGUAGE_STANDARD = "gnu++14";
				CLANG_CXX_LIBRARY = "libc++";
				CLANG_ENABLE_MODULES = YES;
				CLANG_ENABLE_OBJC_ARC = YES;
				CLANG_ENABLE_OBJC_WEAK = YES;
				CLANG_WARN_BLOCK_CAPTURE_AUTORELEASING = YES;
				CLANG_WARN_BOOL_CONVERSION = YES;
				CLANG_WARN_COMMA = YES;
				CLANG_WARN_CONSTANT_CONVERSION = YES;
				CLANG_WARN_DEPRECATED_OBJC_IMPLEMENTATIONS = YES;
				CLANG_WARN_DIRECT_OBJC_ISA_USAGE = YES_ERROR;
				CLANG_WARN_DOCUMENTATION_COMMENTS = YES;
				CLANG_WARN_EMPTY_BODY = YES;
				CLANG_WARN_ENUM_CONVERSION = YES;
				CLANG_WARN_INFINITE_RECURSION = YES;
				CLANG_WARN_INT_CONVERSION = YES;
				CLANG_WARN_NON_LITERAL_NULL_CONVERSION = YES;
				CLANG_WARN_OBJC_IMPLICIT_RETAIN_SELF = YES;
				CLANG_WARN_OBJC_LITERAL_CONVERSION = YES;
				CLANG_WARN_OBJC_ROOT_CLASS = YES_ERROR;
				CLANG_WARN_RANGE_LOOP_ANALYSIS = YES;
				CLANG_WARN_STRICT_PROTOTYPES = YES;
				CLANG_WARN_SUSPICIOUS_MOVE = YES;
				CLANG_WARN_UNGUARDED_AVAILABILITY = YES_AGGRESSIVE;
				CLANG_WARN_UNREACHABLE_CODE = YES;
				CLANG_WARN__DUPLICATE_METHOD_MATCH = YES;
				CODE_SIGN_IDENTITY = "iPhone Developer";
				COPY_PHASE_STRIP = NO;
				DEBUG_INFORMATION_FORMAT = "dwarf-with-dsym";
				ENABLE_NS_ASSERTIONS = NO;
				ENABLE_STRICT_OBJC_MSGSEND = YES;
				GCC_C_LANGUAGE_STANDARD = gnu11;
				GCC_NO_COMMON_BLOCKS = YES;
				GCC_WARN_64_TO_32_BIT_CONVERSION = YES;
				GCC_WARN_ABOUT_RETURN_TYPE = YES_ERROR;
				GCC_WARN_UNDECLARED_SELECTOR = YES;
				GCC_WARN_UNINITIALIZED_AUTOS = YES_AGGRESSIVE;
				GCC_WARN_UNUSED_FUNCTION = YES;
				GCC_WARN_UNUSED_VARIABLE = YES;
				IPHONEOS_DEPLOYMENT_TARGET = 12.2;
				MTL_ENABLE_DEBUG_INFO = NO;
				MTL_FAST_MATH = YES;
				SDKROOT = iphoneos;
				SWIFT_COMPILATION_MODE = wholemodule;
				SWIFT_OPTIMIZATION_LEVEL = "-O";
				VALIDATE_PRODUCT = YES;
			};
			name = Release;
		};
		E50875D6224B807100FA84B0 /* Debug */ = {
			isa = XCBuildConfiguration;
			buildSettings = {
				ASSETCATALOG_COMPILER_APPICON_NAME = AppIcon;
				CODE_SIGN_STYLE = Automatic;
				INFOPLIST_FILE = "Project-5-Word-Scramble-Game/Info.plist";
				LD_RUNPATH_SEARCH_PATHS = (
					"$(inherited)",
					"@executable_path/Frameworks",
				);
				PRODUCT_BUNDLE_IDENTIFIER = "com.example.Project-5-Word-Scramble-Game";
				PRODUCT_NAME = "$(TARGET_NAME)";
				SWIFT_VERSION = 5.0;
				TARGETED_DEVICE_FAMILY = "1,2";
			};
			name = Debug;
		};
		E50875D7224B807100FA84B0 /* Release */ = {
			isa = XCBuildConfiguration;
			buildSettings = {
				ASSETCATALOG_COMPILER_APPICON_NAME = AppIcon;
				CODE_SIGN_STYLE = Automatic;
				INFOPLIST_FILE = "Project-5-Word-Scramble-Game/Info.plist";
				LD_RUNPATH_SEARCH_PATHS = (
					"$(inherited)",
					"@executable_path/Frameworks",
				);
				PRODUCT_BUNDLE_IDENTIFIER = "com.example.Project-5-Word-Scramble-Game";
				PRODUCT_NAME = "$(TARGET_NAME)";
				SWIFT_VERSION = 5.0;
				TARGETED_DEVICE_FAMILY = "1,2";
			};
			name = Release;
		};
/* End XCBuildConfiguration section */

/* Begin XCConfigurationList section */
		E50875BE224B806E00FA84B0 /* Build configuration list for PBXProject "Project-5-Word-Scramble-Game" */ = {
			isa = XCConfigurationList;
			buildConfigurations = (
				E50875D3224B807100FA84B0 /* Debug */,
				E50875D4224B807100FA84B0 /* Release */,
			);
			defaultConfigurationIsVisible = 0;
			defaultConfigurationName = Release;
		};
		E50875D5224B807100FA84B0 /* Build configuration list for PBXNativeTarget "Project-5-Word-Scramble-Game" */ = {
			isa = XCConfigurationList;
			buildConfigurations = (
				E50875D6224B807100FA84B0 /* Debug */,
				E50875D7224B807100FA84B0 /* Release */,
			);
			defaultConfigurationIsVisible = 0;
			defaultConfigurationName = Release;
		};
/* End XCConfigurationList section */
	};
	rootObject = E50875BB224B806E00FA84B0 /* Project object */;
}
